// !$*UTF8*$!
{
	archiveVersion = 1;
	classes = {
	};
	objectVersion = 56;
	objects = {

/* Begin PBXBuildFile section */
		FAB90B79296CD7E100ACD416 /* TaskToDoApp.swift in Sources */ = {isa = PBXBuildFile; fileRef = FAB90B78296CD7E100ACD416 /* TaskToDoApp.swift */; };
		FAB90B7B296CD7E100ACD416 /* ContentView.swift in Sources */ = {isa = PBXBuildFile; fileRef = FAB90B7A296CD7E100ACD416 /* ContentView.swift */; };
		FAB90B7D296CD7E600ACD416 /* Assets.xcassets in Resources */ = {isa = PBXBuildFile; fileRef = FAB90B7C296CD7E600ACD416 /* Assets.xcassets */; };
		FAB90B80296CD7E600ACD416 /* Preview Assets.xcassets in Resources */ = {isa = PBXBuildFile; fileRef = FAB90B7F296CD7E600ACD416 /* Preview Assets.xcassets */; };
		FAB90B92296CDC0500ACD416 /* SimpleTodoModel.xcdatamodeld in Sources */ = {isa = PBXBuildFile; fileRef = FAB90B90296CDC0500ACD416 /* SimpleTodoModel.xcdatamodeld */; };
		FAB90B95296CDCE500ACD416 /* CoreDataManager.swift in Sources */ = {isa = PBXBuildFile; fileRef = FAB90B94296CDCE500ACD416 /* CoreDataManager.swift */; };
/* End PBXBuildFile section */

/* Begin PBXFileReference section */
		FAB90B75296CD7E100ACD416 /* TaskToDo.app */ = {isa = PBXFileReference; explicitFileType = wrapper.application; includeInIndex = 0; path = TaskToDo.app; sourceTree = BUILT_PRODUCTS_DIR; };
		FAB90B78296CD7E100ACD416 /* TaskToDoApp.swift */ = {isa = PBXFileReference; lastKnownFileType = sourcecode.swift; path = TaskToDoApp.swift; sourceTree = "<group>"; };
		FAB90B7A296CD7E100ACD416 /* ContentView.swift */ = {isa = PBXFileReference; lastKnownFileType = sourcecode.swift; path = ContentView.swift; sourceTree = "<group>"; };
		FAB90B7C296CD7E600ACD416 /* Assets.xcassets */ = {isa = PBXFileReference; lastKnownFileType = folder.assetcatalog; path = Assets.xcassets; sourceTree = "<group>"; };
		FAB90B7F296CD7E600ACD416 /* Preview Assets.xcassets */ = {isa = PBXFileReference; lastKnownFileType = folder.assetcatalog; path = "Preview Assets.xcassets"; sourceTree = "<group>"; };
		FAB90B91296CDC0500ACD416 /* SimpleTodoModel.xcdatamodel */ = {isa = PBXFileReference; lastKnownFileType = wrapper.xcdatamodel; path = SimpleTodoModel.xcdatamodel; sourceTree = "<group>"; };
		FAB90B94296CDCE500ACD416 /* CoreDataManager.swift */ = {isa = PBXFileReference; lastKnownFileType = sourcecode.swift; path = CoreDataManager.swift; sourceTree = "<group>"; };
/* End PBXFileReference section */

/* Begin PBXFrameworksBuildPhase section */
		FAB90B72296CD7E100ACD416 /* Frameworks */ = {
			isa = PBXFrameworksBuildPhase;
			buildActionMask = 2147483647;
			files = (
			);
			runOnlyForDeploymentPostprocessing = 0;
		};
/* End PBXFrameworksBuildPhase section */

/* Begin PBXGroup section */
		FAB90B6C296CD7E100ACD416 = {
			isa = PBXGroup;
			children = (
				FAB90B77296CD7E100ACD416 /* TaskToDo */,
				FAB90B76296CD7E100ACD416 /* Products */,
			);
			sourceTree = "<group>";
		};
		FAB90B76296CD7E100ACD416 /* Products */ = {
			isa = PBXGroup;
			children = (
				FAB90B75296CD7E100ACD416 /* TaskToDo.app */,
			);
			name = Products;
			sourceTree = "<group>";
		};
		FAB90B77296CD7E100ACD416 /* TaskToDo */ = {
			isa = PBXGroup;
			children = (
				FAB90B93296CDCCB00ACD416 /* Managers */,
				FAB90B78296CD7E100ACD416 /* TaskToDoApp.swift */,
				FAB90B7A296CD7E100ACD416 /* ContentView.swift */,
				FAB90B7C296CD7E600ACD416 /* Assets.xcassets */,
				FAB90B7E296CD7E600ACD416 /* Preview Content */,
				FAB90B90296CDC0500ACD416 /* SimpleTodoModel.xcdatamodeld */,
			);
			path = TaskToDo;
			sourceTree = "<group>";
		};
		FAB90B7E296CD7E600ACD416 /* Preview Content */ = {
			isa = PBXGroup;
			children = (
				FAB90B7F296CD7E600ACD416 /* Preview Assets.xcassets */,
			);
			path = "Preview Content";
			sourceTree = "<group>";
		};
		FAB90B93296CDCCB00ACD416 /* Managers */ = {
			isa = PBXGroup;
			children = (
				FAB90B94296CDCE500ACD416 /* CoreDataManager.swift */,
			);
			path = Managers;
			sourceTree = "<group>";
		};
/* End PBXGroup section */

/* Begin PBXNativeTarget section */
		FAB90B74296CD7E100ACD416 /* TaskToDo */ = {
			isa = PBXNativeTarget;
			buildConfigurationList = FAB90B83296CD7E600ACD416 /* Build configuration list for PBXNativeTarget "TaskToDo" */;
			buildPhases = (
				FAB90B71296CD7E100ACD416 /* Sources */,
				FAB90B72296CD7E100ACD416 /* Frameworks */,
				FAB90B73296CD7E100ACD416 /* Resources */,
			);
			buildRules = (
			);
			dependencies = (
			);
			name = TaskToDo;
			productName = TaskToDo;
			productReference = FAB90B75296CD7E100ACD416 /* TaskToDo.app */;
			productType = "com.apple.product-type.application";
		};
/* End PBXNativeTarget section */

/* Begin PBXProject section */
		FAB90B6D296CD7E100ACD416 /* Project object */ = {
			isa = PBXProject;
			attributes = {
				BuildIndependentTargetsInParallel = 1;
				LastSwiftUpdateCheck = 1420;
				LastUpgradeCheck = 1420;
				TargetAttributes = {
					FAB90B74296CD7E100ACD416 = {
						CreatedOnToolsVersion = 14.2;
					};
				};
			};
			buildConfigurationList = FAB90B70296CD7E100ACD416 /* Build configuration list for PBXProject "TaskToDo" */;
			compatibilityVersion = "Xcode 14.0";
			developmentRegion = en;
			hasScannedForEncodings = 0;
			knownRegions = (
				en,
				Base,
			);
			mainGroup = FAB90B6C296CD7E100ACD416;
			productRefGroup = FAB90B76296CD7E100ACD416 /* Products */;
			projectDirPath = "";
			projectRoot = "";
			targets = (
				FAB90B74296CD7E100ACD416 /* TaskToDo */,
			);
		};
/* End PBXProject section */

/* Begin PBXResourcesBuildPhase section */
		FAB90B73296CD7E100ACD416 /* Resources */ = {
			isa = PBXResourcesBuildPhase;
			buildActionMask = 2147483647;
			files = (
				FAB90B80296CD7E600ACD416 /* Preview Assets.xcassets in Resources */,
				FAB90B7D296CD7E600ACD416 /* Assets.xcassets in Resources */,
			);
			runOnlyForDeploymentPostprocessing = 0;
		};
/* End PBXResourcesBuildPhase section */

/* Begin PBXSourcesBuildPhase section */
		FAB90B71296CD7E100ACD416 /* Sources */ = {
			isa = PBXSourcesBuildPhase;
			buildActionMask = 2147483647;
			files = (
				FAB90B92296CDC0500ACD416 /* SimpleTodoModel.xcdatamodeld in Sources */,
				FAB90B7B296CD7E100ACD416 /* ContentView.swift in Sources */,
				FAB90B95296CDCE500ACD416 /* CoreDataManager.swift in Sources */,
				FAB90B79296CD7E100ACD416 /* TaskToDoApp.swift in Sources */,
			);
			runOnlyForDeploymentPostprocessing = 0;
		};
/* End PBXSourcesBuildPhase section */

/* Begin XCBuildConfiguration section */
		FAB90B81296CD7E600ACD416 /* Debug */ = {
			isa = XCBuildConfiguration;
			buildSettings = {
				ALWAYS_SEARCH_USER_PATHS = NO;
				CLANG_ANALYZER_NONNULL = YES;
				CLANG_ANALYZER_NUMBER_OBJECT_CONVERSION = YES_AGGRESSIVE;
				CLANG_CXX_LANGUAGE_STANDARD = "gnu++20";
				CLANG_ENABLE_MODULES = YES;
				CLANG_ENABLE_OBJC_ARC = YES;
				CLANG_ENABLE_OBJC_WEAK = YES;
				CLANG_WARN_BLOCK_CAPTURE_AUTORELEASING = YES;
				CLANG_WARN_BOOL_CONVERSION = YES;
				CLANG_WARN_COMMA = YES;
				CLANG_WARN_CONSTANT_CONVERSION = YES;
				CLANG_WARN_DEPRECATED_OBJC_IMPLEMENTATIONS = YES;
				CLANG_WARN_DIRECT_OBJC_ISA_USAGE = YES_ERROR;
				CLANG_WARN_DOCUMENTATION_COMMENTS = YES;
				CLANG_WARN_EMPTY_BODY = YES;
				CLANG_WARN_ENUM_CONVERSION = YES;
				CLANG_WARN_INFINITE_RECURSION = YES;
				CLANG_WARN_INT_CONVERSION = YES;
				CLANG_WARN_NON_LITERAL_NULL_CONVERSION = YES;
				CLANG_WARN_OBJC_IMPLICIT_RETAIN_SELF = YES;
				CLANG_WARN_OBJC_LITERAL_CONVERSION = YES;
				CLANG_WARN_OBJC_ROOT_CLASS = YES_ERROR;
				CLANG_WARN_QUOTED_INCLUDE_IN_FRAMEWORK_HEADER = YES;
				CLANG_WARN_RANGE_LOOP_ANALYSIS = YES;
				CLANG_WARN_STRICT_PROTOTYPES = YES;
				CLANG_WARN_SUSPICIOUS_MOVE = YES;
				CLANG_WARN_UNGUARDED_AVAILABILITY = YES_AGGRESSIVE;
				CLANG_WARN_UNREACHABLE_CODE = YES;
				CLANG_WARN__DUPLICATE_METHOD_MATCH = YES;
				COPY_PHASE_STRIP = NO;
				DEBUG_INFORMATION_FORMAT = dwarf;
				ENABLE_STRICT_OBJC_MSGSEND = YES;
				ENABLE_TESTABILITY = YES;
				GCC_C_LANGUAGE_STANDARD = gnu11;
				GCC_DYNAMIC_NO_PIC = NO;
				GCC_NO_COMMON_BLOCKS = YES;
				GCC_OPTIMIZATION_LEVEL = 0;
				GCC_PREPROCESSOR_DEFINITIONS = (
					"DEBUG=1",
					"$(inherited)",
				);
				GCC_WARN_64_TO_32_BIT_CONVERSION = YES;
				GCC_WARN_ABOUT_RETURN_TYPE = YES_ERROR;
				GCC_WARN_UNDECLARED_SELECTOR = YES;
				GCC_WARN_UNINITIALIZED_AUTOS = YES_AGGRESSIVE;
				GCC_WARN_UNUSED_FUNCTION = YES;
				GCC_WARN_UNUSED_VARIABLE = YES;
				IPHONEOS_DEPLOYMENT_TARGET = 16.2;
				MTL_ENABLE_DEBUG_INFO = INCLUDE_SOURCE;
				MTL_FAST_MATH = YES;
				ONLY_ACTIVE_ARCH = YES;
				SDKROOT = iphoneos;
				SWIFT_ACTIVE_COMPILATION_CONDITIONS = DEBUG;
				SWIFT_OPTIMIZATION_LEVEL = "-Onone";
			};
			name = Debug;
		};
		FAB90B82296CD7E600ACD416 /* Release */ = {
			isa = XCBuildConfiguration;
			buildSettings = {
				ALWAYS_SEARCH_USER_PATHS = NO;
				CLANG_ANALYZER_NONNULL = YES;
				CLANG_ANALYZER_NUMBER_OBJECT_CONVERSION = YES_AGGRESSIVE;
				CLANG_CXX_LANGUAGE_STANDARD = "gnu++20";
				CLANG_ENABLE_MODULES = YES;
				CLANG_ENABLE_OBJC_ARC = YES;
				CLANG_ENABLE_OBJC_WEAK = YES;
				CLANG_WARN_BLOCK_CAPTURE_AUTORELEASING = YES;
				CLANG_WARN_BOOL_CONVERSION = YES;
				CLANG_WARN_COMMA = YES;
				CLANG_WARN_CONSTANT_CONVERSION = YES;
				CLANG_WARN_DEPRECATED_OBJC_IMPLEMENTATIONS = YES;
				CLANG_WARN_DIRECT_OBJC_ISA_USAGE = YES_ERROR;
				CLANG_WARN_DOCUMENTATION_COMMENTS = YES;
				CLANG_WARN_EMPTY_BODY = YES;
				CLANG_WARN_ENUM_CONVERSION = YES;
				CLANG_WARN_INFINITE_RECURSION = YES;
				CLANG_WARN_INT_CONVERSION = YES;
				CLANG_WARN_NON_LITERAL_NULL_CONVERSION = YES;
				CLANG_WARN_OBJC_IMPLICIT_RETAIN_SELF = YES;
				CLANG_WARN_OBJC_LITERAL_CONVERSION = YES;
				CLANG_WARN_OBJC_ROOT_CLASS = YES_ERROR;
				CLANG_WARN_QUOTED_INCLUDE_IN_FRAMEWORK_HEADER = YES;
				CLANG_WARN_RANGE_LOOP_ANALYSIS = YES;
				CLANG_WARN_STRICT_PROTOTYPES = YES;
				CLANG_WARN_SUSPICIOUS_MOVE = YES;
				CLANG_WARN_UNGUARDED_AVAILABILITY = YES_AGGRESSIVE;
				CLANG_WARN_UNREACHABLE_CODE = YES;
				CLANG_WARN__DUPLICATE_METHOD_MATCH = YES;
				COPY_PHASE_STRIP = NO;
				DEBUG_INFORMATION_FORMAT = "dwarf-with-dsym";
				ENABLE_NS_ASSERTIONS = NO;
				ENABLE_STRICT_OBJC_MSGSEND = YES;
				GCC_C_LANGUAGE_STANDARD = gnu11;
				GCC_NO_COMMON_BLOCKS = YES;
				GCC_WARN_64_TO_32_BIT_CONVERSION = YES;
				GCC_WARN_ABOUT_RETURN_TYPE = YES_ERROR;
				GCC_WARN_UNDECLARED_SELECTOR = YES;
				GCC_WARN_UNINITIALIZED_AUTOS = YES_AGGRESSIVE;
				GCC_WARN_UNUSED_FUNCTION = YES;
				GCC_WARN_UNUSED_VARIABLE = YES;
				IPHONEOS_DEPLOYMENT_TARGET = 16.2;
				MTL_ENABLE_DEBUG_INFO = NO;
				MTL_FAST_MATH = YES;
				SDKROOT = iphoneos;
				SWIFT_COMPILATION_MODE = wholemodule;
				SWIFT_OPTIMIZATION_LEVEL = "-O";
				VALIDATE_PRODUCT = YES;
			};
			name = Release;
		};
		FAB90B84296CD7E600ACD416 /* Debug */ = {
			isa = XCBuildConfiguration;
			buildSettings = {
				ASSETCATALOG_COMPILER_APPICON_NAME = AppIcon;
				ASSETCATALOG_COMPILER_GLOBAL_ACCENT_COLOR_NAME = AccentColor;
				CODE_SIGN_STYLE = Automatic;
				CURRENT_PROJECT_VERSION = 1;
				DEVELOPMENT_ASSET_PATHS = "\"TaskToDo/Preview Content\"";
				ENABLE_PREVIEWS = YES;
				GENERATE_INFOPLIST_FILE = YES;
				INFOPLIST_KEY_UIApplicationSceneManifest_Generation = YES;
				INFOPLIST_KEY_UIApplicationSupportsIndirectInputEvents = YES;
				INFOPLIST_KEY_UILaunchScreen_Generation = YES;
				INFOPLIST_KEY_UISupportedInterfaceOrientations_iPad = "UIInterfaceOrientationPortrait UIInterfaceOrientationPortraitUpsideDown UIInterfaceOrientationLandscapeLeft UIInterfaceOrientationLandscapeRight";
				INFOPLIST_KEY_UISupportedInterfaceOrientations_iPhone = "UIInterfaceOrientationPortrait UIInterfaceOrientationLandscapeLeft UIInterfaceOrientationLandscapeRight";
				LD_RUNPATH_SEARCH_PATHS = (
					"$(inherited)",
					"@executable_path/Frameworks",
				);
				MARKETING_VERSION = 1.0;
				PRODUCT_BUNDLE_IDENTIFIER = com.lucashollas.TaskToDo;
				PRODUCT_NAME = "$(TARGET_NAME)";
				SWIFT_EMIT_LOC_STRINGS = YES;
				SWIFT_VERSION = 5.0;
				TARGETED_DEVICE_FAMILY = "1,2";
			};
			name = Debug;
		};
		FAB90B85296CD7E600ACD416 /* Release */ = {
			isa = XCBuildConfiguration;
			buildSettings = {
				ASSETCATALOG_COMPILER_APPICON_NAME = AppIcon;
				ASSETCATALOG_COMPILER_GLOBAL_ACCENT_COLOR_NAME = AccentColor;
				CODE_SIGN_STYLE = Automatic;
				CURRENT_PROJECT_VERSION = 1;
				DEVELOPMENT_ASSET_PATHS = "\"TaskToDo/Preview Content\"";
				ENABLE_PREVIEWS = YES;
				GENERATE_INFOPLIST_FILE = YES;
				INFOPLIST_KEY_UIApplicationSceneManifest_Generation = YES;
				INFOPLIST_KEY_UIApplicationSupportsIndirectInputEvents = YES;
				INFOPLIST_KEY_UILaunchScreen_Generation = YES;
				INFOPLIST_KEY_UISupportedInterfaceOrientations_iPad = "UIInterfaceOrientationPortrait UIInterfaceOrientationPortraitUpsideDown UIInterfaceOrientationLandscapeLeft UIInterfaceOrientationLandscapeRight";
				INFOPLIST_KEY_UISupportedInterfaceOrientations_iPhone = "UIInterfaceOrientationPortrait UIInterfaceOrientationLandscapeLeft UIInterfaceOrientationLandscapeRight";
				LD_RUNPATH_SEARCH_PATHS = (
					"$(inherited)",
					"@executable_path/Frameworks",
				);
				MARKETING_VERSION = 1.0;
				PRODUCT_BUNDLE_IDENTIFIER = com.lucashollas.TaskToDo;
				PRODUCT_NAME = "$(TARGET_NAME)";
				SWIFT_EMIT_LOC_STRINGS = YES;
				SWIFT_VERSION = 5.0;
				TARGETED_DEVICE_FAMILY = "1,2";
			};
			name = Release;
		};
/* End XCBuildConfiguration section */

/* Begin XCConfigurationList section */
		FAB90B70296CD7E100ACD416 /* Build configuration list for PBXProject "TaskToDo" */ = {
			isa = XCConfigurationList;
			buildConfigurations = (
				FAB90B81296CD7E600ACD416 /* Debug */,
				FAB90B82296CD7E600ACD416 /* Release */,
			);
			defaultConfigurationIsVisible = 0;
			defaultConfigurationName = Release;
		};
		FAB90B83296CD7E600ACD416 /* Build configuration list for PBXNativeTarget "TaskToDo" */ = {
			isa = XCConfigurationList;
			buildConfigurations = (
				FAB90B84296CD7E600ACD416 /* Debug */,
				FAB90B85296CD7E600ACD416 /* Release */,
			);
			defaultConfigurationIsVisible = 0;
			defaultConfigurationName = Release;
		};
/* End XCConfigurationList section */

/* Begin XCVersionGroup section */
		FAB90B90296CDC0500ACD416 /* SimpleTodoModel.xcdatamodeld */ = {
			isa = XCVersionGroup;
			children = (
				FAB90B91296CDC0500ACD416 /* SimpleTodoModel.xcdatamodel */,
			);
			currentVersion = FAB90B91296CDC0500ACD416 /* SimpleTodoModel.xcdatamodel */;
			path = SimpleTodoModel.xcdatamodeld;
			sourceTree = "<group>";
			versionGroupType = wrapper.xcdatamodel;
		};
/* End XCVersionGroup section */
	};
	rootObject = FAB90B6D296CD7E100ACD416 /* Project object */;
}
